
Microsoft Visual Studio Solution File, Format Version 12.00
# Visual Studio Version 17
VisualStudioVersion = 17.0.31903.59
MinimumVisualStudioVersion = 10.0.40219.1
Project("{2150E333-8FDC-42A3-9474-1A3956D46DE8}") = "Domain", "Domain", "{698B2BE7-BEBD-4631-9EBF-1DDCBE5D4FCF}"
EndProject
Project("{2150E333-8FDC-42A3-9474-1A3956D46DE8}") = "Microservices", "Microservices", "{7C21C4B4-3DD1-44B6-AF31-70EFC79D8616}"
EndProject
Project("{2150E333-8FDC-42A3-9474-1A3956D46DE8}") = "Infra.Bus", "Infra.Bus", "{C86F2701-538B-4BC6-9FE1-DDB6FB7FAE40}"
EndProject
Project("{2150E333-8FDC-42A3-9474-1A3956D46DE8}") = "Infra.IoC", "Infra.IoC", "{A03853FD-EAC9-46FA-8693-E29ABC72817A}"
EndProject
Project("{2150E333-8FDC-42A3-9474-1A3956D46DE8}") = "Presentation", "Presentation", "{557122B4-5CEE-4606-8A85-9279A8CFD469}"
EndProject
Project("{9A19103F-16F7-4668-BE54-9A1E7A4F7556}") = "MiroRabbit.Domain.Core", "MiroRabbit.Domain.Core\MiroRabbit.Domain.Core.csproj", "{D1DBBB15-F24C-41E7-9858-C91DB94751C4}"
EndProject
Project("{9A19103F-16F7-4668-BE54-9A1E7A4F7556}") = "MicroRabbit.Infa.Bus", "MicroRabbit.Infa.Bus\MicroRabbit.Infa.Bus.csproj", "{61EF136D-5592-4F7D-9641-1A7E59F82076}"
EndProject
Project("{9A19103F-16F7-4668-BE54-9A1E7A4F7556}") = "MicroRabbit.Infra.IoC", "MicroRabbit.Infra.IoC\MicroRabbit.Infra.IoC.csproj", "{AED18A9C-BE09-41AF-9EF6-BECE5527FAB8}"
EndProject
Project("{2150E333-8FDC-42A3-9474-1A3956D46DE8}") = "Banking", "Banking", "{74FEE111-EDFB-4F18-A1F4-0325BF7A1199}"
EndProject
Project("{2150E333-8FDC-42A3-9474-1A3956D46DE8}") = "Api", "Api", "{90E4748C-7FCD-4B45-9E28-51556E2BE72E}"
EndProject
Project("{2150E333-8FDC-42A3-9474-1A3956D46DE8}") = "Domain", "Domain", "{C9056E66-9F13-44C5-9996-9329398F9556}"
EndProject
Project("{2150E333-8FDC-42A3-9474-1A3956D46DE8}") = "Application", "Application", "{C02287F4-C047-4BDF-9542-31A4DDF2155D}"
EndProject
Project("{2150E333-8FDC-42A3-9474-1A3956D46DE8}") = "Data", "Data", "{F3C53A83-63E6-49BB-A45D-E1C6489618B0}"
EndProject
Project("{FAE04EC0-301F-11D3-BF4B-00C04F79EFBC}") = "MicroRabbit.Banking.Api", "MicroRabbit.Banking.Api\MicroRabbit.Banking.Api.csproj", "{E2816434-1226-443D-8899-DAB3E2629071}"
EndProject
Project("{FAE04EC0-301F-11D3-BF4B-00C04F79EFBC}") = "MicroRabbit.Banking.Application", "MicroRabbit.Banking.Application\MicroRabbit.Banking.Application.csproj", "{07001F96-7A34-4ECA-B672-BC3EFAB0F348}"
EndProject
Project("{FAE04EC0-301F-11D3-BF4B-00C04F79EFBC}") = "MicroRabbit.Banking.Data", "MicroRabbit.Banking.Data\MicroRabbit.Banking.Data.csproj", "{FD86602F-D269-4A9E-88B8-AF82F2DF0CA1}"
EndProject
Project("{FAE04EC0-301F-11D3-BF4B-00C04F79EFBC}") = "MicroRabbit.Banking.Domain", "MicroRabbit.Banking.Domain\MicroRabbit.Banking.Domain.csproj", "{75DC9475-B1AE-49B4-B7B9-41C2886AF237}"
EndProject
Global
	GlobalSection(SolutionConfigurationPlatforms) = preSolution
		Debug|Any CPU = Debug|Any CPU
		Release|Any CPU = Release|Any CPU
	EndGlobalSection
	GlobalSection(ProjectConfigurationPlatforms) = postSolution
		{D1DBBB15-F24C-41E7-9858-C91DB94751C4}.Debug|Any CPU.ActiveCfg = Debug|Any CPU
		{D1DBBB15-F24C-41E7-9858-C91DB94751C4}.Debug|Any CPU.Build.0 = Debug|Any CPU
		{D1DBBB15-F24C-41E7-9858-C91DB94751C4}.Release|Any CPU.ActiveCfg = Release|Any CPU
		{D1DBBB15-F24C-41E7-9858-C91DB94751C4}.Release|Any CPU.Build.0 = Release|Any CPU
		{61EF136D-5592-4F7D-9641-1A7E59F82076}.Debug|Any CPU.ActiveCfg = Debug|Any CPU
		{61EF136D-5592-4F7D-9641-1A7E59F82076}.Debug|Any CPU.Build.0 = Debug|Any CPU
		{61EF136D-5592-4F7D-9641-1A7E59F82076}.Release|Any CPU.ActiveCfg = Release|Any CPU
		{61EF136D-5592-4F7D-9641-1A7E59F82076}.Release|Any CPU.Build.0 = Release|Any CPU
		{AED18A9C-BE09-41AF-9EF6-BECE5527FAB8}.Debug|Any CPU.ActiveCfg = Debug|Any CPU
		{AED18A9C-BE09-41AF-9EF6-BECE5527FAB8}.Debug|Any CPU.Build.0 = Debug|Any CPU
		{AED18A9C-BE09-41AF-9EF6-BECE5527FAB8}.Release|Any CPU.ActiveCfg = Release|Any CPU
		{AED18A9C-BE09-41AF-9EF6-BECE5527FAB8}.Release|Any CPU.Build.0 = Release|Any CPU
		{E2816434-1226-443D-8899-DAB3E2629071}.Debug|Any CPU.ActiveCfg = Debug|Any CPU
		{E2816434-1226-443D-8899-DAB3E2629071}.Debug|Any CPU.Build.0 = Debug|Any CPU
		{E2816434-1226-443D-8899-DAB3E2629071}.Release|Any CPU.ActiveCfg = Release|Any CPU
		{E2816434-1226-443D-8899-DAB3E2629071}.Release|Any CPU.Build.0 = Release|Any CPU
		{07001F96-7A34-4ECA-B672-BC3EFAB0F348}.Debug|Any CPU.ActiveCfg = Debug|Any CPU
		{07001F96-7A34-4ECA-B672-BC3EFAB0F348}.Debug|Any CPU.Build.0 = Debug|Any CPU
		{07001F96-7A34-4ECA-B672-BC3EFAB0F348}.Release|Any CPU.ActiveCfg = Release|Any CPU
		{07001F96-7A34-4ECA-B672-BC3EFAB0F348}.Release|Any CPU.Build.0 = Release|Any CPU
		{FD86602F-D269-4A9E-88B8-AF82F2DF0CA1}.Debug|Any CPU.ActiveCfg = Debug|Any CPU
		{FD86602F-D269-4A9E-88B8-AF82F2DF0CA1}.Debug|Any CPU.Build.0 = Debug|Any CPU
		{FD86602F-D269-4A9E-88B8-AF82F2DF0CA1}.Release|Any CPU.ActiveCfg = Release|Any CPU
		{FD86602F-D269-4A9E-88B8-AF82F2DF0CA1}.Release|Any CPU.Build.0 = Release|Any CPU
		{75DC9475-B1AE-49B4-B7B9-41C2886AF237}.Debug|Any CPU.ActiveCfg = Debug|Any CPU
		{75DC9475-B1AE-49B4-B7B9-41C2886AF237}.Debug|Any CPU.Build.0 = Debug|Any CPU
		{75DC9475-B1AE-49B4-B7B9-41C2886AF237}.Release|Any CPU.ActiveCfg = Release|Any CPU
		{75DC9475-B1AE-49B4-B7B9-41C2886AF237}.Release|Any CPU.Build.0 = Release|Any CPU
	EndGlobalSection
	GlobalSection(SolutionProperties) = preSolution
		HideSolutionNode = FALSE
	EndGlobalSection
	GlobalSection(NestedProjects) = preSolution
		{D1DBBB15-F24C-41E7-9858-C91DB94751C4} = {698B2BE7-BEBD-4631-9EBF-1DDCBE5D4FCF}
		{61EF136D-5592-4F7D-9641-1A7E59F82076} = {C86F2701-538B-4BC6-9FE1-DDB6FB7FAE40}
		{AED18A9C-BE09-41AF-9EF6-BECE5527FAB8} = {A03853FD-EAC9-46FA-8693-E29ABC72817A}
		{74FEE111-EDFB-4F18-A1F4-0325BF7A1199} = {7C21C4B4-3DD1-44B6-AF31-70EFC79D8616}
		{90E4748C-7FCD-4B45-9E28-51556E2BE72E} = {74FEE111-EDFB-4F18-A1F4-0325BF7A1199}
		{C9056E66-9F13-44C5-9996-9329398F9556} = {74FEE111-EDFB-4F18-A1F4-0325BF7A1199}
		{C02287F4-C047-4BDF-9542-31A4DDF2155D} = {74FEE111-EDFB-4F18-A1F4-0325BF7A1199}
		{F3C53A83-63E6-49BB-A45D-E1C6489618B0} = {74FEE111-EDFB-4F18-A1F4-0325BF7A1199}
		{E2816434-1226-443D-8899-DAB3E2629071} = {90E4748C-7FCD-4B45-9E28-51556E2BE72E}
		{07001F96-7A34-4ECA-B672-BC3EFAB0F348} = {C02287F4-C047-4BDF-9542-31A4DDF2155D}
		{FD86602F-D269-4A9E-88B8-AF82F2DF0CA1} = {F3C53A83-63E6-49BB-A45D-E1C6489618B0}
		{75DC9475-B1AE-49B4-B7B9-41C2886AF237} = {C9056E66-9F13-44C5-9996-9329398F9556}
	EndGlobalSection
	GlobalSection(ExtensibilityGlobals) = postSolution
		SolutionGuid = {9B7358BE-CC8A-4C13-9FA2-640F378B3D01}
	EndGlobalSection
EndGlobal
