
Microsoft Visual Studio Solution File, Format Version 12.00
# Visual Studio Version 17
VisualStudioVersion = 17.0.31903.59
MinimumVisualStudioVersion = 10.0.40219.1
Project("{2150E333-8FDC-42A3-9474-1A3956D46DE8}") = "Domain", "Domain", "{698B2BE7-BEBD-4631-9EBF-1DDCBE5D4FCF}"
EndProject
Project("{2150E333-8FDC-42A3-9474-1A3956D46DE8}") = "Microservices", "Microservices", "{7C21C4B4-3DD1-44B6-AF31-70EFC79D8616}"
EndProject
Project("{2150E333-8FDC-42A3-9474-1A3956D46DE8}") = "Infra.Bus", "Infra.Bus", "{C86F2701-538B-4BC6-9FE1-DDB6FB7FAE40}"
EndProject
Project("{2150E333-8FDC-42A3-9474-1A3956D46DE8}") = "Infra.IoC", "Infra.IoC", "{A03853FD-EAC9-46FA-8693-E29ABC72817A}"
EndProject
Project("{2150E333-8FDC-42A3-9474-1A3956D46DE8}") = "Presentation", "Presentation", "{557122B4-5CEE-4606-8A85-9279A8CFD469}"
EndProject
Project("{FAE04EC0-301F-11D3-BF4B-00C04F79EFBC}") = "MiroRabbit.Domain.Core", "MiroRabbit.Domain.Core\MiroRabbit.Domain.Core.csproj", "{D1DBBB15-F24C-41E7-9858-C91DB94751C4}"
EndProject
Global
	GlobalSection(SolutionConfigurationPlatforms) = preSolution
		Debug|Any CPU = Debug|Any CPU
		Release|Any CPU = Release|Any CPU
	EndGlobalSection
	GlobalSection(ProjectConfigurationPlatforms) = postSolution
		{D1DBBB15-F24C-41E7-9858-C91DB94751C4}.Debug|Any CPU.ActiveCfg = Debug|Any CPU
		{D1DBBB15-F24C-41E7-9858-C91DB94751C4}.Debug|Any CPU.Build.0 = Debug|Any CPU
		{D1DBBB15-F24C-41E7-9858-C91DB94751C4}.Release|Any CPU.ActiveCfg = Release|Any CPU
		{D1DBBB15-F24C-41E7-9858-C91DB94751C4}.Release|Any CPU.Build.0 = Release|Any CPU
	EndGlobalSection
	GlobalSection(SolutionProperties) = preSolution
		HideSolutionNode = FALSE
	EndGlobalSection
	GlobalSection(NestedProjects) = preSolution
		{D1DBBB15-F24C-41E7-9858-C91DB94751C4} = {698B2BE7-BEBD-4631-9EBF-1DDCBE5D4FCF}
	EndGlobalSection
	GlobalSection(ExtensibilityGlobals) = postSolution
		SolutionGuid = {9B7358BE-CC8A-4C13-9FA2-640F378B3D01}
	EndGlobalSection
EndGlobal
